
Microsoft Visual Studio Solution File, Format Version 12.00
# Visual Studio Version 17
VisualStudioVersion = 17.14.37516.0 d17.14
MinimumVisualStudioVersion = 10.0.40219.1
Project("{FAE04EC0-301F-11D3-BF4B-00C04F79EFBC}") = "Performance Monitor", "Performance Monitor\Performance Monitor.csproj", "{A19E2C5C-6C98-4338-ABB0-9D480AF14788}"
EndProject
Global
	GlobalSection(SolutionConfigurationPlatforms) = preSolution
		Debug|Any CPU = Debug|Any CPU
		Release|Any CPU = Release|Any CPU
	EndGlobalSection
	GlobalSection(ProjectConfigurationPlatforms) = postSolution
		{A19E2C5C-6C98-4338-ABB0-9D480AF14788}.Debug|Any CPU.ActiveCfg = Debug|Any CPU
		{A19E2C5C-6C98-4338-ABB0-9D480AF14788}.Debug|Any CPU.Build.0 = Debug|Any CPU
		{A19E2C5C-6C98-4338-ABB0-9D480AF14788}.Release|Any CPU.ActiveCfg = Release|Any CPU
		{A19E2C5C-6C98-4338-ABB0-9D480AF14788}.Release|Any CPU.Build.0 = Release|Any CPU
	EndGlobalSection
	GlobalSection(SolutionProperties) = preSolution
		HideSolutionNode = FALSE
	EndGlobalSection
	GlobalSection(ExtensibilityGlobals) = postSolution
		SolutionGuid = {9B9C4E23-1E38-4CE9-9A03-6AAF80485C49}
	EndGlobalSection
EndGlobal
